
Microsoft Visual Studio Solution File, Format Version 12.00
# Visual Studio 14
VisualStudioVersion = 14.0.25420.1
MinimumVisualStudioVersion = 10.0.40219.1
Project("{2150E333-8FDC-42A3-9474-1A3956D46DE8}") = "src", "src", "{BEAC6744-9AE0-4431-BA90-9C4CDE4C7746}"
EndProject
Project("{2150E333-8FDC-42A3-9474-1A3956D46DE8}") = "Solution Items", "Solution Items", "{3B57CEEF-5DFC-432C-BD9D-79C8B44CC1C8}"
	ProjectSection(SolutionItems) = preProject
		global.json = global.json
	EndProjectSection
EndProject
Project("{8BB2217D-0F2D-49D1-97BC-3654ED321F3B}") = "WebApplication1", "src\WebApplication1\WebApplication1.xproj", "{90DC7BAA-75E2-4B17-B688-8F7C5A1E2F08}"
EndProject
Global
	GlobalSection(SolutionConfigurationPlatforms) = preSolution
		Debug|Any CPU = Debug|Any CPU
		Release|Any CPU = Release|Any CPU
	EndGlobalSection
	GlobalSection(ProjectConfigurationPlatforms) = postSolution
		{90DC7BAA-75E2-4B17-B688-8F7C5A1E2F08}.Debug|Any CPU.ActiveCfg = Debug|Any CPU
		{90DC7BAA-75E2-4B17-B688-8F7C5A1E2F08}.Debug|Any CPU.Build.0 = Debug|Any CPU
		{90DC7BAA-75E2-4B17-B688-8F7C5A1E2F08}.Debug|Any CPU.Deploy.0 = Debug|Any CPU
		{90DC7BAA-75E2-4B17-B688-8F7C5A1E2F08}.Release|Any CPU.ActiveCfg = Release|Any CPU
		{90DC7BAA-75E2-4B17-B688-8F7C5A1E2F08}.Release|Any CPU.Build.0 = Release|Any CPU
	EndGlobalSection
	GlobalSection(SolutionProperties) = preSolution
		HideSolutionNode = FALSE
	EndGlobalSection
	GlobalSection(NestedProjects) = preSolution
		{90DC7BAA-75E2-4B17-B688-8F7C5A1E2F08} = {BEAC6744-9AE0-4431-BA90-9C4CDE4C7746}
	EndGlobalSection
EndGlobal
